
Microsoft Visual Studio Solution File, Format Version 12.00
# Visual Studio Version 17
VisualStudioVersion = 17.9.34701.34
MinimumVisualStudioVersion = 10.0.40219.1
Project("{FAE04EC0-301F-11D3-BF4B-00C04F79EFBC}") = "namasdev.Data.TableStorage", "namasdev.Data.TableStorage\namasdev.Data.TableStorage.csproj", "{93C0635D-6B3E-4D86-B013-613117497064}"
EndProject
Project("{FAE04EC0-301F-11D3-BF4B-00C04F79EFBC}") = "namasdev.Data.TableStorage.UnitTests", "namasdev.Data.TableStorage.UnitTests\namasdev.Data.TableStorage.UnitTests.csproj", "{42ECEAC9-22CB-49D3-A6A3-5AF39433B671}"
EndProject
Global
	GlobalSection(SolutionConfigurationPlatforms) = preSolution
		Debug|Any CPU = Debug|Any CPU
		Release|Any CPU = Release|Any CPU
	EndGlobalSection
	GlobalSection(ProjectConfigurationPlatforms) = postSolution
		{93C0635D-6B3E-4D86-B013-613117497064}.Debug|Any CPU.ActiveCfg = Debug|Any CPU
		{93C0635D-6B3E-4D86-B013-613117497064}.Debug|Any CPU.Build.0 = Debug|Any CPU
		{93C0635D-6B3E-4D86-B013-613117497064}.Release|Any CPU.ActiveCfg = Release|Any CPU
		{93C0635D-6B3E-4D86-B013-613117497064}.Release|Any CPU.Build.0 = Release|Any CPU
		{42ECEAC9-22CB-49D3-A6A3-5AF39433B671}.Debug|Any CPU.ActiveCfg = Debug|Any CPU
		{42ECEAC9-22CB-49D3-A6A3-5AF39433B671}.Debug|Any CPU.Build.0 = Debug|Any CPU
		{42ECEAC9-22CB-49D3-A6A3-5AF39433B671}.Release|Any CPU.ActiveCfg = Release|Any CPU
		{42ECEAC9-22CB-49D3-A6A3-5AF39433B671}.Release|Any CPU.Build.0 = Release|Any CPU
	EndGlobalSection
	GlobalSection(SolutionProperties) = preSolution
		HideSolutionNode = FALSE
	EndGlobalSection
	GlobalSection(ExtensibilityGlobals) = postSolution
		SolutionGuid = {10C8F500-7D02-446D-9C7A-F02BBC639BA3}
	EndGlobalSection
EndGlobal
